
Microsoft Visual Studio Solution File, Format Version 12.00
# Visual Studio 14
VisualStudioVersion = 14.0.25420.1
MinimumVisualStudioVersion = 10.0.40219.1
Project("{FAE04EC0-301F-11D3-BF4B-00C04F79EFBC}") = "Interfaz", "Interfaz\Interfaz.csproj", "{93F5AD7C-C390-466D-AE3D-7D30F68764DD}"
EndProject
Project("{FAE04EC0-301F-11D3-BF4B-00C04F79EFBC}") = "Dominio", "Dominio\Dominio.csproj", "{52622A70-0DC7-4598-AAF6-4F46E26A6FBF}"
EndProject
Global
	GlobalSection(SolutionConfigurationPlatforms) = preSolution
		Debug|Any CPU = Debug|Any CPU
		Release|Any CPU = Release|Any CPU
	EndGlobalSection
	GlobalSection(ProjectConfigurationPlatforms) = postSolution
		{93F5AD7C-C390-466D-AE3D-7D30F68764DD}.Debug|Any CPU.ActiveCfg = Debug|Any CPU
		{93F5AD7C-C390-466D-AE3D-7D30F68764DD}.Debug|Any CPU.Build.0 = Debug|Any CPU
		{93F5AD7C-C390-466D-AE3D-7D30F68764DD}.Release|Any CPU.ActiveCfg = Release|Any CPU
		{93F5AD7C-C390-466D-AE3D-7D30F68764DD}.Release|Any CPU.Build.0 = Release|Any CPU
		{52622A70-0DC7-4598-AAF6-4F46E26A6FBF}.Debug|Any CPU.ActiveCfg = Debug|Any CPU
		{52622A70-0DC7-4598-AAF6-4F46E26A6FBF}.Debug|Any CPU.Build.0 = Debug|Any CPU
		{52622A70-0DC7-4598-AAF6-4F46E26A6FBF}.Release|Any CPU.ActiveCfg = Release|Any CPU
		{52622A70-0DC7-4598-AAF6-4F46E26A6FBF}.Release|Any CPU.Build.0 = Release|Any CPU
	EndGlobalSection
	GlobalSection(SolutionProperties) = preSolution
		HideSolutionNode = FALSE
	EndGlobalSection
EndGlobal
